PODS:
  - app_signature (0.0.1):
    - Flutter
  - Flutter (1.0.0)

DEPENDENCIES:
  - app_signature (from `.symlinks/plugins/app_signature/ios`)
  - Flutter (from `Flutter`)

EXTERNAL SOURCES:
  app_signature:
    :path: ".symlinks/plugins/app_signature/ios"
  Flutter:
    :path: Flutter

SPEC CHECKSUMS:
  app_signature: eea1de7d16d723f04d03f856dee2cb5f1c148ed0
  Flutter: 0e3d915762c693b495b44d77113d4970485de6ec

PODFILE CHECKSUM: aafe91acc616949ddb318b77800a7f51bffa2a4c

COCOAPODS: 1.9.1
